
Microsoft Visual Studio Solution File, Format Version 12.00
# Visual Studio Version 17
VisualStudioVersion = 17.0.31903.59
MinimumVisualStudioVersion = 10.0.40219.1
Project("{2150E333-8FDC-42A3-9474-1A3956D46DE8}") = "app_src", "app_src", "{CC17BD1E-A578-993E-F255-2D7EEA8B09B3}"
EndProject
Project("{FAE04EC0-301F-11D3-BF4B-00C04F79EFBC}") = "DemoApp003.Sudoku", "app_src\DemoApp003.Sudoku.csproj", "{43FC9AE4-E293-4909-B874-32A67D060C18}"
EndProject
Project("{FAE04EC0-301F-11D3-BF4B-00C04F79EFBC}") = "DemoApp003.Specs", "tests\DemoApp003.Specs.csproj", "{338CD486-1574-4A01-9C30-DC26CD191FA1}"
EndProject
Project("{FAE04EC0-301F-11D3-BF4B-00C04F79EFBC}") = "DemoApp003.Performance", "tooling\performance\DemoApp003.Performance.csproj", "{CDC40812-A004-47D5-B4B9-7D388BDF6080}"
EndProject
Global
	GlobalSection(SolutionConfigurationPlatforms) = preSolution
		Debug|Any CPU = Debug|Any CPU
		Debug|x64 = Debug|x64
		Debug|x86 = Debug|x86
		Release|Any CPU = Release|Any CPU
		Release|x64 = Release|x64
		Release|x86 = Release|x86
	EndGlobalSection
	GlobalSection(ProjectConfigurationPlatforms) = postSolution
		{43FC9AE4-E293-4909-B874-32A67D060C18}.Debug|Any CPU.ActiveCfg = Debug|Any CPU
		{43FC9AE4-E293-4909-B874-32A67D060C18}.Debug|Any CPU.Build.0 = Debug|Any CPU
		{43FC9AE4-E293-4909-B874-32A67D060C18}.Debug|x64.ActiveCfg = Debug|Any CPU
		{43FC9AE4-E293-4909-B874-32A67D060C18}.Debug|x64.Build.0 = Debug|Any CPU
		{43FC9AE4-E293-4909-B874-32A67D060C18}.Debug|x86.ActiveCfg = Debug|Any CPU
		{43FC9AE4-E293-4909-B874-32A67D060C18}.Debug|x86.Build.0 = Debug|Any CPU
		{43FC9AE4-E293-4909-B874-32A67D060C18}.Release|Any CPU.ActiveCfg = Release|Any CPU
		{43FC9AE4-E293-4909-B874-32A67D060C18}.Release|Any CPU.Build.0 = Release|Any CPU
		{43FC9AE4-E293-4909-B874-32A67D060C18}.Release|x64.ActiveCfg = Release|Any CPU
		{43FC9AE4-E293-4909-B874-32A67D060C18}.Release|x64.Build.0 = Release|Any CPU
		{43FC9AE4-E293-4909-B874-32A67D060C18}.Release|x86.ActiveCfg = Release|Any CPU
		{43FC9AE4-E293-4909-B874-32A67D060C18}.Release|x86.Build.0 = Release|Any CPU
		{338CD486-1574-4A01-9C30-DC26CD191FA1}.Debug|Any CPU.ActiveCfg = Debug|Any CPU
		{338CD486-1574-4A01-9C30-DC26CD191FA1}.Debug|Any CPU.Build.0 = Debug|Any CPU
		{338CD486-1574-4A01-9C30-DC26CD191FA1}.Debug|x64.ActiveCfg = Debug|Any CPU
		{338CD486-1574-4A01-9C30-DC26CD191FA1}.Debug|x64.Build.0 = Debug|Any CPU
		{338CD486-1574-4A01-9C30-DC26CD191FA1}.Debug|x86.ActiveCfg = Debug|Any CPU
		{338CD486-1574-4A01-9C30-DC26CD191FA1}.Debug|x86.Build.0 = Debug|Any CPU
		{338CD486-1574-4A01-9C30-DC26CD191FA1}.Release|Any CPU.ActiveCfg = Release|Any CPU
		{338CD486-1574-4A01-9C30-DC26CD191FA1}.Release|Any CPU.Build.0 = Release|Any CPU
		{338CD486-1574-4A01-9C30-DC26CD191FA1}.Release|x64.ActiveCfg = Release|Any CPU
		{338CD486-1574-4A01-9C30-DC26CD191FA1}.Release|x64.Build.0 = Release|Any CPU
		{338CD486-1574-4A01-9C30-DC26CD191FA1}.Release|x86.ActiveCfg = Release|Any CPU
		{338CD486-1574-4A01-9C30-DC26CD191FA1}.Release|x86.Build.0 = Release|Any CPU
		{CDC40812-A004-47D5-B4B9-7D388BDF6080}.Debug|Any CPU.ActiveCfg = Debug|Any CPU
		{CDC40812-A004-47D5-B4B9-7D388BDF6080}.Debug|Any CPU.Build.0 = Debug|Any CPU
		{CDC40812-A004-47D5-B4B9-7D388BDF6080}.Debug|x64.ActiveCfg = Debug|Any CPU
		{CDC40812-A004-47D5-B4B9-7D388BDF6080}.Debug|x64.Build.0 = Debug|Any CPU
		{CDC40812-A004-47D5-B4B9-7D388BDF6080}.Debug|x86.ActiveCfg = Debug|Any CPU
		{CDC40812-A004-47D5-B4B9-7D388BDF6080}.Debug|x86.Build.0 = Debug|Any CPU
		{CDC40812-A004-47D5-B4B9-7D388BDF6080}.Release|Any CPU.ActiveCfg = Release|Any CPU
		{CDC40812-A004-47D5-B4B9-7D388BDF6080}.Release|Any CPU.Build.0 = Release|Any CPU
		{CDC40812-A004-47D5-B4B9-7D388BDF6080}.Release|x64.ActiveCfg = Release|Any CPU
		{CDC40812-A004-47D5-B4B9-7D388BDF6080}.Release|x64.Build.0 = Release|Any CPU
		{CDC40812-A004-47D5-B4B9-7D388BDF6080}.Release|x86.ActiveCfg = Release|Any CPU
		{CDC40812-A004-47D5-B4B9-7D388BDF6080}.Release|x86.Build.0 = Release|Any CPU
	EndGlobalSection
	GlobalSection(SolutionProperties) = preSolution
		HideSolutionNode = FALSE
	EndGlobalSection
	GlobalSection(NestedProjects) = preSolution
		{43FC9AE4-E293-4909-B874-32A67D060C18} = {CC17BD1E-A578-993E-F255-2D7EEA8B09B3}
		{338CD486-1574-4A01-9C30-DC26CD191FA1} = {CC17BD1E-A578-993E-F255-2D7EEA8B09B3}
		{CDC40812-A004-47D5-B4B9-7D388BDF6080} = {CC17BD1E-A578-993E-F255-2D7EEA8B09B3}
	EndGlobalSection
EndGlobal
